
Microsoft Visual Studio Solution File, Format Version 12.00
# Visual Studio 15
VisualStudioVersion = 15.0.28010.2016
MinimumVisualStudioVersion = 10.0.40219.1
Project("{FAE04EC0-301F-11D3-BF4B-00C04F79EFBC}") = "SteeringCS", "SteeringCS\SteeringCS.csproj", "{BD179484-1369-4437-BD3B-4AECFB627286}"
EndProject
Project("{FAE04EC0-301F-11D3-BF4B-00C04F79EFBC}") = "Test", "Test\Test.csproj", "{F0824A9C-817E-4F9E-AC4B-8CF9BD23F87A}"
	ProjectSection(ProjectDependencies) = postProject
		{BD179484-1369-4437-BD3B-4AECFB627286} = {BD179484-1369-4437-BD3B-4AECFB627286}
	EndProjectSection
EndProject
Global
	GlobalSection(SolutionConfigurationPlatforms) = preSolution
		Debug|Any CPU = Debug|Any CPU
		Release|Any CPU = Release|Any CPU
	EndGlobalSection
	GlobalSection(ProjectConfigurationPlatforms) = postSolution
		{BD179484-1369-4437-BD3B-4AECFB627286}.Debug|Any CPU.ActiveCfg = Debug|Any CPU
		{BD179484-1369-4437-BD3B-4AECFB627286}.Debug|Any CPU.Build.0 = Debug|Any CPU
		{BD179484-1369-4437-BD3B-4AECFB627286}.Release|Any CPU.ActiveCfg = Release|Any CPU
		{BD179484-1369-4437-BD3B-4AECFB627286}.Release|Any CPU.Build.0 = Release|Any CPU
		{F0824A9C-817E-4F9E-AC4B-8CF9BD23F87A}.Debug|Any CPU.ActiveCfg = Debug|Any CPU
		{F0824A9C-817E-4F9E-AC4B-8CF9BD23F87A}.Debug|Any CPU.Build.0 = Debug|Any CPU
		{F0824A9C-817E-4F9E-AC4B-8CF9BD23F87A}.Release|Any CPU.ActiveCfg = Release|Any CPU
		{F0824A9C-817E-4F9E-AC4B-8CF9BD23F87A}.Release|Any CPU.Build.0 = Release|Any CPU
	EndGlobalSection
	GlobalSection(SolutionProperties) = preSolution
		HideSolutionNode = FALSE
	EndGlobalSection
	GlobalSection(ExtensibilityGlobals) = postSolution
		SolutionGuid = {82D36187-3BBA-4AD7-A1DB-D150FE434527}
	EndGlobalSection
EndGlobal
